
Microsoft Visual Studio Solution File, Format Version 11.00
# Visual C++ Express 2010
Project("{8BC9CEB8-8B4A-11D0-8D11-00A0C91BC942}") = "TheThreeStones", "TheThreeStones.vcxproj", "{CB0B4FCD-797D-4147-9B59-B74CFE86860E}"
EndProject
Project("{8BC9CEB8-8B4A-11D0-8D11-00A0C91BC942}") = "unittests", "unittests\unittests.vcxproj", "{04F72582-FE14-4B4E-9B29-496AD2C25DCA}"
EndProject
Global
	GlobalSection(SolutionConfigurationPlatforms) = preSolution
		Debug|Win32 = Debug|Win32
		Release|Win32 = Release|Win32
	EndGlobalSection
	GlobalSection(ProjectConfigurationPlatforms) = postSolution
		{CB0B4FCD-797D-4147-9B59-B74CFE86860E}.Debug|Win32.ActiveCfg = Debug|Win32
		{CB0B4FCD-797D-4147-9B59-B74CFE86860E}.Debug|Win32.Build.0 = Debug|Win32
		{CB0B4FCD-797D-4147-9B59-B74CFE86860E}.Release|Win32.ActiveCfg = Release|Win32
		{CB0B4FCD-797D-4147-9B59-B74CFE86860E}.Release|Win32.Build.0 = Release|Win32
		{04F72582-FE14-4B4E-9B29-496AD2C25DCA}.Debug|Win32.ActiveCfg = Debug|Win32
		{04F72582-FE14-4B4E-9B29-496AD2C25DCA}.Debug|Win32.Build.0 = Debug|Win32
		{04F72582-FE14-4B4E-9B29-496AD2C25DCA}.Release|Win32.ActiveCfg = Release|Win32
		{04F72582-FE14-4B4E-9B29-496AD2C25DCA}.Release|Win32.Build.0 = Release|Win32
	EndGlobalSection
	GlobalSection(SolutionProperties) = preSolution
		HideSolutionNode = FALSE
	EndGlobalSection
EndGlobal
