<?xml version="1.0" encoding="utf-8"?>
<Project ToolsVersion="4.0" xmlns="http://schemas.microsoft.com/developer/msbuild/2003">
  <ItemGroup>
    <ClCompile Include="..\Code\Board.cpp" />
    <ClCompile Include="..\Code\Console.cpp" />
    <ClCompile Include="..\Code\CountDown.cpp" />
    <ClCompile Include="..\Code\Encouragement.cpp" />
    <ClCompile Include="..\Code\Entry.cpp" />
    <ClCompile Include="..\Code\Game.cpp" />
    <ClCompile Include="..\Code\Graphic\Sprite.cpp" />
    <ClCompile Include="..\Code\Graphic\TexturesManager.cpp" />
    <ClCompile Include="..\Code\Intro.cpp" />
    <ClCompile Include="..\Code\Object.cpp" />
    <ClCompile Include="..\Code\ObjectsManager.cpp" />
    <ClCompile Include="..\Code\Rectangle.cpp" />
    <ClCompile Include="..\Code\Score.cpp" />
    <ClCompile Include="..\Code\Tile.cpp" />
    <ClCompile Include="..\Code\TimeCounter.cpp" />
    <ClCompile Include="..\Code\TimeOut.cpp" />
    <ClCompile Include="..\Code\Graphic\Anim.cpp">
      <Filter>Graphic</Filter>
    </ClCompile>
    <ClCompile Include="..\Code\Graphic\CTargaImage.cpp">
      <Filter>Graphic</Filter>
    </ClCompile>
    <ClCompile Include="..\Code\Mem\MemTracker.cpp">
      <Filter>Mem</Filter>
    </ClCompile>
    <ClCompile Include="..\Code\Xml\xml.cpp">
      <Filter>Xml</Filter>
    </ClCompile>
  </ItemGroup>
  <ItemGroup>
    <ClInclude Include="..\Code\Board.h" />
    <ClInclude Include="..\Code\Classids.h" />
    <ClInclude Include="..\Code\Common.h" />
    <ClInclude Include="..\Code\Console.h" />
    <ClInclude Include="..\Code\CountDown.h" />
    <ClInclude Include="..\Code\Encouragement.h" />
    <ClInclude Include="..\Code\fsm.h" />
    <ClInclude Include="..\Code\Game.h" />
    <ClInclude Include="..\Code\Graphic\Sprite.h" />
    <ClInclude Include="..\Code\Graphic\TexturesManager.h" />
    <ClInclude Include="..\Code\Intro.h" />
    <ClInclude Include="..\Code\Object.h" />
    <ClInclude Include="..\Code\ObjectsManager.h" />
    <ClInclude Include="..\Code\ObjectsRectangles.h" />
    <ClInclude Include="..\Code\Rectangle.h" />
    <ClInclude Include="..\Code\Score.h" />
    <ClInclude Include="..\Code\Settings.h" />
    <ClInclude Include="..\Code\Tile.h" />
    <ClInclude Include="..\Code\TimeCounter.h" />
    <ClInclude Include="..\Code\TimeOut.h" />
    <ClInclude Include="..\Code\Mem\allocator.h">
      <Filter>Mem</Filter>
    </ClInclude>
    <ClInclude Include="..\Code\Graphic\Anim.h">
      <Filter>Graphic</Filter>
    </ClInclude>
    <ClInclude Include="..\Code\Graphic\CTargaImage.h">
      <Filter>Graphic</Filter>
    </ClInclude>
    <ClInclude Include="..\Code\Xml\expat.h">
      <Filter>Xml</Filter>
    </ClInclude>
    <ClInclude Include="..\Code\Mem\MemNew.h">
      <Filter>Mem</Filter>
    </ClInclude>
    <ClInclude Include="..\Code\Mem\MemTracker.h">
      <Filter>Mem</Filter>
    </ClInclude>
    <ClInclude Include="..\Code\Xml\xml.h">
      <Filter>Xml</Filter>
    </ClInclude>
  </ItemGroup>
  <ItemGroup>
    <Filter Include="Xml">
      <UniqueIdentifier>{45184d16-b521-4f2b-8346-d1e02db7adf7}</UniqueIdentifier>
    </Filter>
    <Filter Include="Mem">
      <UniqueIdentifier>{d5440b81-fe5e-4c34-b32f-0a58f0e16621}</UniqueIdentifier>
    </Filter>
    <Filter Include="Graphic">
      <UniqueIdentifier>{ef260c8a-8e88-4c10-b8a6-f865103f6e5e}</UniqueIdentifier>
    </Filter>
  </ItemGroup>
</Project>